
Microsoft Visual Studio Solution File, Format Version 12.00
# Visual Studio Version 16
VisualStudioVersion = 16.0.29102.190
MinimumVisualStudioVersion = 10.0.40219.1
Project("{FAE04EC0-301F-11D3-BF4B-00C04F79EFBC}") = "WindowsFormsApp1", "WindowsFormsApp1\WindowsFormsApp1.csproj", "{1EABA4BE-67BE-4C95-ABB9-461D9F7D0356}"
EndProject
Global
	GlobalSection(SolutionConfigurationPlatforms) = preSolution
		Debug|Any CPU = Debug|Any CPU
		Release|Any CPU = Release|Any CPU
	EndGlobalSection
	GlobalSection(ProjectConfigurationPlatforms) = postSolution
		{1EABA4BE-67BE-4C95-ABB9-461D9F7D0356}.Debug|Any CPU.ActiveCfg = Debug|Any CPU
		{1EABA4BE-67BE-4C95-ABB9-461D9F7D0356}.Debug|Any CPU.Build.0 = Debug|Any CPU
		{1EABA4BE-67BE-4C95-ABB9-461D9F7D0356}.Release|Any CPU.ActiveCfg = Release|Any CPU
		{1EABA4BE-67BE-4C95-ABB9-461D9F7D0356}.Release|Any CPU.Build.0 = Release|Any CPU
	EndGlobalSection
	GlobalSection(SolutionProperties) = preSolution
		HideSolutionNode = FALSE
	EndGlobalSection
	GlobalSection(ExtensibilityGlobals) = postSolution
		SolutionGuid = {CB4D1F1E-3EC3-4E53-9B64-C7EA87A25434}
	EndGlobalSection
EndGlobal
